
Microsoft Visual Studio Solution File, Format Version 12.00
# Visual Studio Version 17
VisualStudioVersion = 17.2.32505.173
MinimumVisualStudioVersion = 10.0.40219.1
Project("{9A19103F-16F7-4668-BE54-9A1E7A4F7556}") = "Quadtree Image Compression", "Quadtree Image Compression\Quadtree Image Compression.csproj", "{2E004010-D8C0-42A9-89BA-E9C050D8EEFF}"
EndProject
Project("{2150E333-8FDC-42A3-9474-1A3956D46DE8}") = "Solution Items", "Solution Items", "{2A24B64E-2E39-4826-B4E5-9182A232E3C1}"
	ProjectSection(SolutionItems) = preProject
		.editorconfig = .editorconfig
	EndProjectSection
EndProject
Global
	GlobalSection(SolutionConfigurationPlatforms) = preSolution
		Debug|Any CPU = Debug|Any CPU
		Release|Any CPU = Release|Any CPU
	EndGlobalSection
	GlobalSection(ProjectConfigurationPlatforms) = postSolution
		{2E004010-D8C0-42A9-89BA-E9C050D8EEFF}.Debug|Any CPU.ActiveCfg = Debug|Any CPU
		{2E004010-D8C0-42A9-89BA-E9C050D8EEFF}.Debug|Any CPU.Build.0 = Debug|Any CPU
		{2E004010-D8C0-42A9-89BA-E9C050D8EEFF}.Release|Any CPU.ActiveCfg = Release|Any CPU
		{2E004010-D8C0-42A9-89BA-E9C050D8EEFF}.Release|Any CPU.Build.0 = Release|Any CPU
	EndGlobalSection
	GlobalSection(SolutionProperties) = preSolution
		HideSolutionNode = FALSE
	EndGlobalSection
	GlobalSection(ExtensibilityGlobals) = postSolution
		SolutionGuid = {60DF193A-063F-449B-BE1C-6FC1F34B865E}
	EndGlobalSection
EndGlobal
